// !$*UTF8*$!
{
	archiveVersion = 1;
	classes = {
	};
	objectVersion = 46;
	objects = {

/* Begin PBXBuildFile section */
		62843F051BF5E4A2001A079F /* main.m in Sources */ = {isa = PBXBuildFile; fileRef = 62843F041BF5E4A2001A079F /* main.m */; };
		62843F081BF5E4A2001A079F /* AppDelegate.m in Sources */ = {isa = PBXBuildFile; fileRef = 62843F071BF5E4A2001A079F /* AppDelegate.m */; };
		62843F0B1BF5E4A2001A079F /* ViewController.m in Sources */ = {isa = PBXBuildFile; fileRef = 62843F0A1BF5E4A2001A079F /* ViewController.m */; };
		62843F0E1BF5E4A2001A079F /* Main.storyboard in Resources */ = {isa = PBXBuildFile; fileRef = 62843F0C1BF5E4A2001A079F /* Main.storyboard */; };
		62843F101BF5E4A2001A079F /* Assets.xcassets in Resources */ = {isa = PBXBuildFile; fileRef = 62843F0F1BF5E4A2001A079F /* Assets.xcassets */; };
		62843F131BF5E4A2001A079F /* LaunchScreen.storyboard in Resources */ = {isa = PBXBuildFile; fileRef = 62843F111BF5E4A2001A079F /* LaunchScreen.storyboard */; };
/* End PBXBuildFile section */

/* Begin PBXFileReference section */
		62843F001BF5E4A2001A079F /* 91Demo.app */ = {isa = PBXFileReference; explicitFileType = wrapper.application; includeInIndex = 0; path = 91Demo.app; sourceTree = BUILT_PRODUCTS_DIR; };
		62843F041BF5E4A2001A079F /* main.m */ = {isa = PBXFileReference; lastKnownFileType = sourcecode.c.objc; path = main.m; sourceTree = "<group>"; };
		62843F061BF5E4A2001A079F /* AppDelegate.h */ = {isa = PBXFileReference; lastKnownFileType = sourcecode.c.h; path = AppDelegate.h; sourceTree = "<group>"; };
		62843F071BF5E4A2001A079F /* AppDelegate.m */ = {isa = PBXFileReference; lastKnownFileType = sourcecode.c.objc; path = AppDelegate.m; sourceTree = "<group>"; };
		62843F091BF5E4A2001A079F /* ViewController.h */ = {isa = PBXFileReference; lastKnownFileType = sourcecode.c.h; path = ViewController.h; sourceTree = "<group>"; };
		62843F0A1BF5E4A2001A079F /* ViewController.m */ = {isa = PBXFileReference; lastKnownFileType = sourcecode.c.objc; path = ViewController.m; sourceTree = "<group>"; };
		62843F0D1BF5E4A2001A079F /* Base */ = {isa = PBXFileReference; lastKnownFileType = file.storyboard; name = Base; path = Base.lproj/Main.storyboard; sourceTree = "<group>"; };
		62843F0F1BF5E4A2001A079F /* Assets.xcassets */ = {isa = PBXFileReference; lastKnownFileType = folder.assetcatalog; path = Assets.xcassets; sourceTree = "<group>"; };
		62843F121BF5E4A2001A079F /* Base */ = {isa = PBXFileReference; lastKnownFileType = file.storyboard; name = Base; path = Base.lproj/LaunchScreen.storyboard; sourceTree = "<group>"; };
		62843F141BF5E4A2001A079F /* Info.plist */ = {isa = PBXFileReference; lastKnownFileType = text.plist.xml; path = Info.plist; sourceTree = "<group>"; };
/* End PBXFileReference section */

/* Begin PBXFrameworksBuildPhase section */
		62843EFD1BF5E4A2001A079F /* Frameworks */ = {
			isa = PBXFrameworksBuildPhase;
			buildActionMask = 2147483647;
			files = (
			);
			runOnlyForDeploymentPostprocessing = 0;
		};
/* End PBXFrameworksBuildPhase section */

/* Begin PBXGroup section */
		62843EF71BF5E4A2001A079F = {
			isa = PBXGroup;
			children = (
				62843F021BF5E4A2001A079F /* 91Demo */,
				62843F011BF5E4A2001A079F /* Products */,
			);
			sourceTree = "<group>";
		};
		62843F011BF5E4A2001A079F /* Products */ = {
			isa = PBXGroup;
			children = (
				62843F001BF5E4A2001A079F /* 91Demo.app */,
			);
			name = Products;
			sourceTree = "<group>";
		};
		62843F021BF5E4A2001A079F /* 91Demo */ = {
			isa = PBXGroup;
			children = (
				62843F061BF5E4A2001A079F /* AppDelegate.h */,
				62843F071BF5E4A2001A079F /* AppDelegate.m */,
				62843F091BF5E4A2001A079F /* ViewController.h */,
				62843F0A1BF5E4A2001A079F /* ViewController.m */,
				62843F0C1BF5E4A2001A079F /* Main.storyboard */,
				62843F0F1BF5E4A2001A079F /* Assets.xcassets */,
				62843F111BF5E4A2001A079F /* LaunchScreen.storyboard */,
				62843F141BF5E4A2001A079F /* Info.plist */,
				62843F031BF5E4A2001A079F /* Supporting Files */,
			);
			path = 91Demo;
			sourceTree = "<group>";
		};
		62843F031BF5E4A2001A079F /* Supporting Files */ = {
			isa = PBXGroup;
			children = (
				62843F041BF5E4A2001A079F /* main.m */,
			);
			name = "Supporting Files";
			sourceTree = "<group>";
		};
/* End PBXGroup section */

/* Begin PBXNativeTarget section */
		62843EFF1BF5E4A2001A079F /* 91Demo */ = {
			isa = PBXNativeTarget;
			buildConfigurationList = 62843F171BF5E4A2001A079F /* Build configuration list for PBXNativeTarget "91Demo" */;
			buildPhases = (
				62843EFC1BF5E4A2001A079F /* Sources */,
				62843EFD1BF5E4A2001A079F /* Frameworks */,
				62843EFE1BF5E4A2001A079F /* Resources */,
			);
			buildRules = (
			);
			dependencies = (
			);
			name = 91Demo;
			productName = 91Demo;
			productReference = 62843F001BF5E4A2001A079F /* 91Demo.app */;
			productType = "com.apple.product-type.application";
		};
/* End PBXNativeTarget section */

/* Begin PBXProject section */
		62843EF81BF5E4A2001A079F /* Project object */ = {
			isa = PBXProject;
			attributes = {
				LastUpgradeCheck = 0710;
				ORGANIZATIONNAME = KuaiYong;
				TargetAttributes = {
					62843EFF1BF5E4A2001A079F = {
						CreatedOnToolsVersion = 7.1;
					};
				};
			};
			buildConfigurationList = 62843EFB1BF5E4A2001A079F /* Build configuration list for PBXProject "91Demo" */;
			compatibilityVersion = "Xcode 3.2";
			developmentRegion = English;
			hasScannedForEncodings = 0;
			knownRegions = (
				en,
				Base,
			);
			mainGroup = 62843EF71BF5E4A2001A079F;
			productRefGroup = 62843F011BF5E4A2001A079F /* Products */;
			projectDirPath = "";
			projectRoot = "";
			targets = (
				62843EFF1BF5E4A2001A079F /* 91Demo */,
			);
		};
/* End PBXProject section */

/* Begin PBXResourcesBuildPhase section */
		62843EFE1BF5E4A2001A079F /* Resources */ = {
			isa = PBXResourcesBuildPhase;
			buildActionMask = 2147483647;
			files = (
				62843F131BF5E4A2001A079F /* LaunchScreen.storyboard in Resources */,
				62843F101BF5E4A2001A079F /* Assets.xcassets in Resources */,
				62843F0E1BF5E4A2001A079F /* Main.storyboard in Resources */,
			);
			runOnlyForDeploymentPostprocessing = 0;
		};
/* End PBXResourcesBuildPhase section */

/* Begin PBXSourcesBuildPhase section */
		62843EFC1BF5E4A2001A079F /* Sources */ = {
			isa = PBXSourcesBuildPhase;
			buildActionMask = 2147483647;
			files = (
				62843F0B1BF5E4A2001A079F /* ViewController.m in Sources */,
				62843F081BF5E4A2001A079F /* AppDelegate.m in Sources */,
				62843F051BF5E4A2001A079F /* main.m in Sources */,
			);
			runOnlyForDeploymentPostprocessing = 0;
		};
/* End PBXSourcesBuildPhase section */

/* Begin PBXVariantGroup section */
		62843F0C1BF5E4A2001A079F /* Main.storyboard */ = {
			isa = PBXVariantGroup;
			children = (
				62843F0D1BF5E4A2001A079F /* Base */,
			);
			name = Main.storyboard;
			sourceTree = "<group>";
		};
		62843F111BF5E4A2001A079F /* LaunchScreen.storyboard */ = {
			isa = PBXVariantGroup;
			children = (
				62843F121BF5E4A2001A079F /* Base */,
			);
			name = LaunchScreen.storyboard;
			sourceTree = "<group>";
		};
/* End PBXVariantGroup section */

/* Begin XCBuildConfiguration section */
		62843F151BF5E4A2001A079F /* Debug */ = {
			isa = XCBuildConfiguration;
			buildSettings = {
				ALWAYS_SEARCH_USER_PATHS = NO;
				CLANG_CXX_LANGUAGE_STANDARD = "gnu++0x";
				CLANG_CXX_LIBRARY = "libc++";
				CLANG_ENABLE_MODULES = YES;
				CLANG_ENABLE_OBJC_ARC = YES;
				CLANG_WARN_BOOL_CONVERSION = YES;
				CLANG_WARN_CONSTANT_CONVERSION = YES;
				CLANG_WARN_DIRECT_OBJC_ISA_USAGE = YES_ERROR;
				CLANG_WARN_EMPTY_BODY = YES;
				CLANG_WARN_ENUM_CONVERSION = YES;
				CLANG_WARN_INT_CONVERSION = YES;
				CLANG_WARN_OBJC_ROOT_CLASS = YES_ERROR;
				CLANG_WARN_UNREACHABLE_CODE = YES;
				CLANG_WARN__DUPLICATE_METHOD_MATCH = YES;
				"CODE_SIGN_IDENTITY[sdk=iphoneos*]" = "iPhone Developer";
				COPY_PHASE_STRIP = NO;
				DEBUG_INFORMATION_FORMAT = dwarf;
				ENABLE_STRICT_OBJC_MSGSEND = YES;
				ENABLE_TESTABILITY = YES;
				GCC_C_LANGUAGE_STANDARD = gnu99;
				GCC_DYNAMIC_NO_PIC = NO;
				GCC_NO_COMMON_BLOCKS = YES;
				GCC_OPTIMIZATION_LEVEL = 0;
				GCC_PREPROCESSOR_DEFINITIONS = (
					"DEBUG=1",
					"$(inherited)",
				);
				GCC_WARN_64_TO_32_BIT_CONVERSION = YES;
				GCC_WARN_ABOUT_RETURN_TYPE = YES_ERROR;
				GCC_WARN_UNDECLARED_SELECTOR = YES;
				GCC_WARN_UNINITIALIZED_AUTOS = YES_AGGRESSIVE;
				GCC_WARN_UNUSED_FUNCTION = YES;
				GCC_WARN_UNUSED_VARIABLE = YES;
				IPHONEOS_DEPLOYMENT_TARGET = 9.1;
				MTL_ENABLE_DEBUG_INFO = YES;
				ONLY_ACTIVE_ARCH = YES;
				SDKROOT = iphoneos;
				TARGETED_DEVICE_FAMILY = "1,2";
			};
			name = Debug;
		};
		62843F161BF5E4A2001A079F /* Release */ = {
			isa = XCBuildConfiguration;
			buildSettings = {
				ALWAYS_SEARCH_USER_PATHS = NO;
				CLANG_CXX_LANGUAGE_STANDARD = "gnu++0x";
				CLANG_CXX_LIBRARY = "libc++";
				CLANG_ENABLE_MODULES = YES;
				CLANG_ENABLE_OBJC_ARC = YES;
				CLANG_WARN_BOOL_CONVERSION = YES;
				CLANG_WARN_CONSTANT_CONVERSION = YES;
				CLANG_WARN_DIRECT_OBJC_ISA_USAGE = YES_ERROR;
				CLANG_WARN_EMPTY_BODY = YES;
				CLANG_WARN_ENUM_CONVERSION = YES;
				CLANG_WARN_INT_CONVERSION = YES;
				CLANG_WARN_OBJC_ROOT_CLASS = YES_ERROR;
				CLANG_WARN_UNREACHABLE_CODE = YES;
				CLANG_WARN__DUPLICATE_METHOD_MATCH = YES;
				"CODE_SIGN_IDENTITY[sdk=iphoneos*]" = "iPhone Developer";
				COPY_PHASE_STRIP = NO;
				DEBUG_INFORMATION_FORMAT = "dwarf-with-dsym";
				ENABLE_NS_ASSERTIONS = NO;
				ENABLE_STRICT_OBJC_MSGSEND = YES;
				GCC_C_LANGUAGE_STANDARD = gnu99;
				GCC_NO_COMMON_BLOCKS = YES;
				GCC_WARN_64_TO_32_BIT_CONVERSION = YES;
				GCC_WARN_ABOUT_RETURN_TYPE = YES_ERROR;
				GCC_WARN_UNDECLARED_SELECTOR = YES;
				GCC_WARN_UNINITIALIZED_AUTOS = YES_AGGRESSIVE;
				GCC_WARN_UNUSED_FUNCTION = YES;
				GCC_WARN_UNUSED_VARIABLE = YES;
				IPHONEOS_DEPLOYMENT_TARGET = 9.1;
				MTL_ENABLE_DEBUG_INFO = NO;
				SDKROOT = iphoneos;
				TARGETED_DEVICE_FAMILY = "1,2";
				VALIDATE_PRODUCT = YES;
			};
			name = Release;
		};
		62843F181BF5E4A2001A079F /* Debug */ = {
			isa = XCBuildConfiguration;
			buildSettings = {
				ASSETCATALOG_COMPILER_APPICON_NAME = AppIcon;
				INFOPLIST_FILE = 91Demo/Info.plist;
				LD_RUNPATH_SEARCH_PATHS = "$(inherited) @executable_path/Frameworks";
				PRODUCT_BUNDLE_IDENTIFIER = "Genius..-1Demo";
				PRODUCT_NAME = "$(TARGET_NAME)";
			};
			name = Debug;
		};
		62843F191BF5E4A2001A079F /* Release */ = {
			isa = XCBuildConfiguration;
			buildSettings = {
				ASSETCATALOG_COMPILER_APPICON_NAME = AppIcon;
				INFOPLIST_FILE = 91Demo/Info.plist;
				LD_RUNPATH_SEARCH_PATHS = "$(inherited) @executable_path/Frameworks";
				PRODUCT_BUNDLE_IDENTIFIER = "Genius..-1Demo";
				PRODUCT_NAME = "$(TARGET_NAME)";
			};
			name = Release;
		};
/* End XCBuildConfiguration section */

/* Begin XCConfigurationList section */
		62843EFB1BF5E4A2001A079F /* Build configuration list for PBXProject "91Demo" */ = {
			isa = XCConfigurationList;
			buildConfigurations = (
				62843F151BF5E4A2001A079F /* Debug */,
				62843F161BF5E4A2001A079F /* Release */,
			);
			defaultConfigurationIsVisible = 0;
			defaultConfigurationName = Release;
		};
		62843F171BF5E4A2001A079F /* Build configuration list for PBXNativeTarget "91Demo" */ = {
			isa = XCConfigurationList;
			buildConfigurations = (
				62843F181BF5E4A2001A079F /* Debug */,
				62843F191BF5E4A2001A079F /* Release */,
			);
			defaultConfigurationIsVisible = 0;
		};
/* End XCConfigurationList section */
	};
	rootObject = 62843EF81BF5E4A2001A079F /* Project object */;
}
